
Microsoft Visual Studio Solution File, Format Version 12.00
# Visual Studio Version 17
VisualStudioVersion = 17.11.35222.181
MinimumVisualStudioVersion = 10.0.40219.1
Project("{8BC9CEB8-8B4A-11D0-8D11-00A0C91BC942}") = "MazeGeneratorV2", "MazeGeneratorV2\MazeGeneratorV2.vcxproj", "{060CD733-94BB-498D-B56D-7461E90C2907}"
EndProject
Global
	GlobalSection(SolutionConfigurationPlatforms) = preSolution
		Debug|x64 = Debug|x64
		Debug|x86 = Debug|x86
		Release|x64 = Release|x64
		Release|x86 = Release|x86
	EndGlobalSection
	GlobalSection(ProjectConfigurationPlatforms) = postSolution
		{060CD733-94BB-498D-B56D-7461E90C2907}.Debug|x64.ActiveCfg = Debug|x64
		{060CD733-94BB-498D-B56D-7461E90C2907}.Debug|x64.Build.0 = Debug|x64
		{060CD733-94BB-498D-B56D-7461E90C2907}.Debug|x86.ActiveCfg = Debug|Win32
		{060CD733-94BB-498D-B56D-7461E90C2907}.Debug|x86.Build.0 = Debug|Win32
		{060CD733-94BB-498D-B56D-7461E90C2907}.Release|x64.ActiveCfg = Release|x64
		{060CD733-94BB-498D-B56D-7461E90C2907}.Release|x64.Build.0 = Release|x64
		{060CD733-94BB-498D-B56D-7461E90C2907}.Release|x86.ActiveCfg = Release|Win32
		{060CD733-94BB-498D-B56D-7461E90C2907}.Release|x86.Build.0 = Release|Win32
	EndGlobalSection
	GlobalSection(SolutionProperties) = preSolution
		HideSolutionNode = FALSE
	EndGlobalSection
	GlobalSection(ExtensibilityGlobals) = postSolution
		SolutionGuid = {A29BE171-091C-410B-AC1F-18465D3EA0AF}
	EndGlobalSection
EndGlobal
